
Microsoft Visual Studio Solution File, Format Version 12.00
# Visual Studio Version 17
VisualStudioVersion = 17.4.33205.214
MinimumVisualStudioVersion = 10.0.40219.1
Project("{FAE04EC0-301F-11D3-BF4B-00C04F79EFBC}") = "DynamicConnectionstringExchangeApi", "DynamicConnectionstringExchangeApi\DynamicConnectionstringExchangeApi.csproj", "{12EA46E1-2FD3-47E8-AC9A-10F9BFF86393}"
EndProject
Project("{2150E333-8FDC-42A3-9474-1A3956D46DE8}") = "Solution Items", "Solution Items", "{52363638-EE80-4DFF-A342-A02C2F838175}"
	ProjectSection(SolutionItems) = preProject
		Dockerfile = Dockerfile
	EndProjectSection
EndProject
Project("{E53339B2-1760-4266-BCC7-CA923CBCF16C}") = "docker-compose", "docker-compose.dcproj", "{48100DC8-CA2E-4C42-8344-CCD7E6342253}"
EndProject
Global
	GlobalSection(SolutionConfigurationPlatforms) = preSolution
		Debug|Any CPU = Debug|Any CPU
		Release|Any CPU = Release|Any CPU
	EndGlobalSection
	GlobalSection(ProjectConfigurationPlatforms) = postSolution
		{12EA46E1-2FD3-47E8-AC9A-10F9BFF86393}.Debug|Any CPU.ActiveCfg = Debug|Any CPU
		{12EA46E1-2FD3-47E8-AC9A-10F9BFF86393}.Debug|Any CPU.Build.0 = Debug|Any CPU
		{12EA46E1-2FD3-47E8-AC9A-10F9BFF86393}.Release|Any CPU.ActiveCfg = Release|Any CPU
		{12EA46E1-2FD3-47E8-AC9A-10F9BFF86393}.Release|Any CPU.Build.0 = Release|Any CPU
		{48100DC8-CA2E-4C42-8344-CCD7E6342253}.Debug|Any CPU.ActiveCfg = Debug|Any CPU
		{48100DC8-CA2E-4C42-8344-CCD7E6342253}.Debug|Any CPU.Build.0 = Debug|Any CPU
		{48100DC8-CA2E-4C42-8344-CCD7E6342253}.Release|Any CPU.ActiveCfg = Release|Any CPU
		{48100DC8-CA2E-4C42-8344-CCD7E6342253}.Release|Any CPU.Build.0 = Release|Any CPU
	EndGlobalSection
	GlobalSection(SolutionProperties) = preSolution
		HideSolutionNode = FALSE
	EndGlobalSection
	GlobalSection(ExtensibilityGlobals) = postSolution
		SolutionGuid = {C675791E-8A67-4A1F-BF78-E968397120F6}
	EndGlobalSection
EndGlobal
